
Microsoft Visual Studio Solution File, Format Version 12.00
# Visual Studio Version 17
VisualStudioVersion = 17.0.31903.59
MinimumVisualStudioVersion = 10.0.40219.1
Project("{FAE04EC0-301F-11D3-BF4B-00C04F79EFBC}") = "FactoryMethod", "FactoryMethod\FactoryMethod.csproj", "{A26F943B-A2AD-4499-A7E8-5AF358285A6A}"
EndProject
Project("{FAE04EC0-301F-11D3-BF4B-00C04F79EFBC}") = "AbstractFactory", "AbstractFactory\AbstractFactory.csproj", "{F4063C73-D062-4576-B3A1-59C85B8E40B9}"
EndProject
Project("{FAE04EC0-301F-11D3-BF4B-00C04F79EFBC}") = "Builder", "Builder\Builder.csproj", "{4A77F108-623B-4739-8FEE-CBC9D5EC96CD}"
EndProject
Project("{FAE04EC0-301F-11D3-BF4B-00C04F79EFBC}") = "Prototype", "Prototype\Prototype.csproj", "{B9CAC256-5E9F-4039-BFC0-93025ED313F4}"
EndProject
Project("{FAE04EC0-301F-11D3-BF4B-00C04F79EFBC}") = "Singleton", "Singleton\Singleton.csproj", "{10E2ECD9-A0B5-493A-80B6-B2C3EB4393B2}"
EndProject
Project("{FAE04EC0-301F-11D3-BF4B-00C04F79EFBC}") = "Adapter", "Adapter\Adapter.csproj", "{87B5DD9A-4856-4686-9D8D-7E7C94E88368}"
EndProject
Global
	GlobalSection(SolutionConfigurationPlatforms) = preSolution
		Debug|Any CPU = Debug|Any CPU
		Release|Any CPU = Release|Any CPU
	EndGlobalSection
	GlobalSection(SolutionProperties) = preSolution
		HideSolutionNode = FALSE
	EndGlobalSection
	GlobalSection(ProjectConfigurationPlatforms) = postSolution
		{A26F943B-A2AD-4499-A7E8-5AF358285A6A}.Debug|Any CPU.ActiveCfg = Debug|Any CPU
		{A26F943B-A2AD-4499-A7E8-5AF358285A6A}.Debug|Any CPU.Build.0 = Debug|Any CPU
		{A26F943B-A2AD-4499-A7E8-5AF358285A6A}.Release|Any CPU.ActiveCfg = Release|Any CPU
		{A26F943B-A2AD-4499-A7E8-5AF358285A6A}.Release|Any CPU.Build.0 = Release|Any CPU
		{F4063C73-D062-4576-B3A1-59C85B8E40B9}.Debug|Any CPU.ActiveCfg = Debug|Any CPU
		{F4063C73-D062-4576-B3A1-59C85B8E40B9}.Debug|Any CPU.Build.0 = Debug|Any CPU
		{F4063C73-D062-4576-B3A1-59C85B8E40B9}.Release|Any CPU.ActiveCfg = Release|Any CPU
		{F4063C73-D062-4576-B3A1-59C85B8E40B9}.Release|Any CPU.Build.0 = Release|Any CPU
		{4A77F108-623B-4739-8FEE-CBC9D5EC96CD}.Debug|Any CPU.ActiveCfg = Debug|Any CPU
		{4A77F108-623B-4739-8FEE-CBC9D5EC96CD}.Debug|Any CPU.Build.0 = Debug|Any CPU
		{4A77F108-623B-4739-8FEE-CBC9D5EC96CD}.Release|Any CPU.ActiveCfg = Release|Any CPU
		{4A77F108-623B-4739-8FEE-CBC9D5EC96CD}.Release|Any CPU.Build.0 = Release|Any CPU
		{B9CAC256-5E9F-4039-BFC0-93025ED313F4}.Debug|Any CPU.ActiveCfg = Debug|Any CPU
		{B9CAC256-5E9F-4039-BFC0-93025ED313F4}.Debug|Any CPU.Build.0 = Debug|Any CPU
		{B9CAC256-5E9F-4039-BFC0-93025ED313F4}.Release|Any CPU.ActiveCfg = Release|Any CPU
		{B9CAC256-5E9F-4039-BFC0-93025ED313F4}.Release|Any CPU.Build.0 = Release|Any CPU
		{10E2ECD9-A0B5-493A-80B6-B2C3EB4393B2}.Debug|Any CPU.ActiveCfg = Debug|Any CPU
		{10E2ECD9-A0B5-493A-80B6-B2C3EB4393B2}.Debug|Any CPU.Build.0 = Debug|Any CPU
		{10E2ECD9-A0B5-493A-80B6-B2C3EB4393B2}.Release|Any CPU.ActiveCfg = Release|Any CPU
		{10E2ECD9-A0B5-493A-80B6-B2C3EB4393B2}.Release|Any CPU.Build.0 = Release|Any CPU
		{87B5DD9A-4856-4686-9D8D-7E7C94E88368}.Debug|Any CPU.ActiveCfg = Debug|Any CPU
		{87B5DD9A-4856-4686-9D8D-7E7C94E88368}.Debug|Any CPU.Build.0 = Debug|Any CPU
		{87B5DD9A-4856-4686-9D8D-7E7C94E88368}.Release|Any CPU.ActiveCfg = Release|Any CPU
		{87B5DD9A-4856-4686-9D8D-7E7C94E88368}.Release|Any CPU.Build.0 = Release|Any CPU
	EndGlobalSection
EndGlobal
